{
  "originHash" : "727e0a082b397c7ac91af31a279d0adf080aa897660384d87aaea019fde35b16",
  "pins" : [
    {
      "identity" : "swift-indexed-collection",
      "kind" : "remoteSourceControl",
      "location" : "https://github.com/FluidGroup/swift-indexed-collection",
      "state" : {
        "revision" : "9b17bf06eae73fee93dae9a0fa6de2e33900d9c5",
        "version" : "0.2.1"
      }
    },
    {
      "identity" : "swiftui-introspect",
      "kind" : "remoteSourceControl",
      "location" : "https://github.com/siteline/swiftui-introspect",
      "state" : {
        "revision" : "a08b87f96b41055577721a6e397562b21ad52454",
        "version" : "26.0.0"
      }
    }
  ],
  "version" : 3
}
